
Microsoft Visual Studio Solution File, Format Version 12.00
# Visual Studio Version 16
VisualStudioVersion = 16.0.29230.47
MinimumVisualStudioVersion = 10.0.40219.1
Project("{FAE04EC0-301F-11D3-BF4B-00C04F79EFBC}") = "BookingAppStore", "BookingAppStore\BookingAppStore.csproj", "{AC3E89B7-6C4D-493F-8E84-654155BB7E62}"
EndProject
Global
	GlobalSection(SolutionConfigurationPlatforms) = preSolution
		Debug|Any CPU = Debug|Any CPU
		Release|Any CPU = Release|Any CPU
	EndGlobalSection
	GlobalSection(ProjectConfigurationPlatforms) = postSolution
		{AC3E89B7-6C4D-493F-8E84-654155BB7E62}.Debug|Any CPU.ActiveCfg = Debug|Any CPU
		{AC3E89B7-6C4D-493F-8E84-654155BB7E62}.Debug|Any CPU.Build.0 = Debug|Any CPU
		{AC3E89B7-6C4D-493F-8E84-654155BB7E62}.Release|Any CPU.ActiveCfg = Release|Any CPU
		{AC3E89B7-6C4D-493F-8E84-654155BB7E62}.Release|Any CPU.Build.0 = Release|Any CPU
	EndGlobalSection
	GlobalSection(SolutionProperties) = preSolution
		HideSolutionNode = FALSE
	EndGlobalSection
	GlobalSection(ExtensibilityGlobals) = postSolution
		SolutionGuid = {7D8075AA-A82D-46F7-9182-DE14406ECC9D}
	EndGlobalSection
EndGlobal
